// !$*UTF8*$!
{
	archiveVersion = 1;
	classes = {
	};
	objectVersion = 50;
	objects = {

/* Begin PBXContainerItemProxy section */
		4903C1A32CBA8F5D00B2FD7A /* PBXContainerItemProxy */ = {
			isa = PBXContainerItemProxy;
			containerPortal = 4903C18A2CBA8F5C00B2FD7A /* Project object */;
			proxyType = 1;
			remoteGlobalIDString = 4903C1912CBA8F5C00B2FD7A;
			remoteInfo = KareemDemo;
		};
		4903C1AD2CBA8F5E00B2FD7A /* PBXContainerItemProxy */ = {
			isa = PBXContainerItemProxy;
			containerPortal = 4903C18A2CBA8F5C00B2FD7A /* Project object */;
			proxyType = 1;
			remoteGlobalIDString = 4903C1912CBA8F5C00B2FD7A;
			remoteInfo = KareemDemo;
		};
/* End PBXContainerItemProxy section */

/* Begin PBXFileReference section */
		4903C1922CBA8F5C00B2FD7A /* KareemDemo.app */ = {isa = PBXFileReference; explicitFileType = wrapper.application; includeInIndex = 0; name = KareemDemo.app; path = "/Users/kareemabdelsattar/Documents/Demos/KareemDemo/build/Debug-iphoneos/KareemDemo.app"; sourceTree = "<absolute>"; };
		4903C1A22CBA8F5D00B2FD7A /* KareemDemoTests.xctest */ = {isa = PBXFileReference; explicitFileType = wrapper.cfbundle; includeInIndex = 0; name = KareemDemoTests.xctest; path = "/Users/kareemabdelsattar/Documents/Demos/KareemDemo/build/Debug-iphoneos/KareemDemo.app/PlugIns/KareemDemoTests.xctest"; sourceTree = "<absolute>"; };
		4903C1AC2CBA8F5E00B2FD7A /* KareemDemoUITests.xctest */ = {isa = PBXFileReference; explicitFileType = wrapper.cfbundle; includeInIndex = 0; name = KareemDemoUITests.xctest; path = "/Users/kareemabdelsattar/Documents/Demos/KareemDemo/build/Debug-iphoneos/KareemDemoUITests-Runner.app/PlugIns/KareemDemoUITests.xctest"; sourceTree = "<absolute>"; };
		490B5FB82CBBD87100F93AE3 /* KareemDemo.xcodeproj */ = {isa = PBXFileReference; lastKnownFileType = "wrapper.pb-project"; path = KareemDemo.xcodeproj; sourceTree = "<group>"; };
/* End PBXFileReference section */

/* Begin PBXFileSystemSynchronizedBuildFileExceptionSet section */
		490B5FBB2CBBDA7100F93AE3 /* PBXFileSystemSynchronizedBuildFileExceptionSet */ = {
			isa = PBXFileSystemSynchronizedBuildFileExceptionSet;
			membershipExceptions = (
				KareemDemo/Assets.xcassets,
				KareemDemo/ContentView.swift,
				KareemDemo/KareemDemoApp.swift,
				"KareemDemo/Preview Content/Preview Assets.xcassets",
			);
			target = 4903C1912CBA8F5C00B2FD7A /* KareemDemo */;
		};
		490B5FBC2CBBDA7100F93AE3 /* PBXFileSystemSynchronizedBuildFileExceptionSet */ = {
			isa = PBXFileSystemSynchronizedBuildFileExceptionSet;
			membershipExceptions = (
				KareemDemoTests/KareemDemoTests.swift,
			);
			target = 4903C1A12CBA8F5D00B2FD7A /* KareemDemoTests */;
		};
		490B5FBD2CBBDA7100F93AE3 /* PBXFileSystemSynchronizedBuildFileExceptionSet */ = {
			isa = PBXFileSystemSynchronizedBuildFileExceptionSet;
			membershipExceptions = (
				KareemDemoUITests/KareemDemoUITests.swift,
				KareemDemoUITests/KareemDemoUITestsLaunchTests.swift,
			);
			target = 4903C1AB2CBA8F5E00B2FD7A /* KareemDemoUITests */;
		};
/* End PBXFileSystemSynchronizedBuildFileExceptionSet section */

/* Begin PBXFileSystemSynchronizedRootGroup section */
		4903C1892CBA8F5C00B2FD7A = {isa = PBXFileSystemSynchronizedRootGroup; exceptions = (490B5FBB2CBBDA7100F93AE3 /* PBXFileSystemSynchronizedBuildFileExceptionSet */, 490B5FBC2CBBDA7100F93AE3 /* PBXFileSystemSynchronizedBuildFileExceptionSet */, 490B5FBD2CBBDA7100F93AE3 /* PBXFileSystemSynchronizedBuildFileExceptionSet */, ); explicitFileTypes = {}; explicitFolders = (); sourceTree = "<group>"; };
		4903C1942CBA8F5C00B2FD7A /* KareemDemo */ = {isa = PBXFileSystemSynchronizedRootGroup; explicitFileTypes = {}; explicitFolders = (); path = KareemDemo; sourceTree = "<group>"; };
		4903C1A52CBA8F5D00B2FD7A /* KareemDemoTests */ = {isa = PBXFileSystemSynchronizedRootGroup; explicitFileTypes = {}; explicitFolders = (); path = KareemDemoTests; sourceTree = "<group>"; };
		4903C1AF2CBA8F5E00B2FD7A /* KareemDemoUITests */ = {isa = PBXFileSystemSynchronizedRootGroup; explicitFileTypes = {}; explicitFolders = (); path = KareemDemoUITests; sourceTree = "<group>"; };
/* End PBXFileSystemSynchronizedRootGroup section */

/* Begin PBXFrameworksBuildPhase section */
		4903C18F2CBA8F5C00B2FD7A /* Frameworks */ = {
			isa = PBXFrameworksBuildPhase;
			buildActionMask = 2147483647;
			files = (
			);
			runOnlyForDeploymentPostprocessing = 0;
		};
		4903C19F2CBA8F5D00B2FD7A /* Frameworks */ = {
			isa = PBXFrameworksBuildPhase;
			buildActionMask = 2147483647;
			files = (
			);
			runOnlyForDeploymentPostprocessing = 0;
		};
		4903C1A92CBA8F5E00B2FD7A /* Frameworks */ = {
			isa = PBXFrameworksBuildPhase;
			buildActionMask = 2147483647;
			files = (
			);
			runOnlyForDeploymentPostprocessing = 0;
		};
/* End PBXFrameworksBuildPhase section */

/* Begin PBXGroup section */
		490B5FB92CBBD87100F93AE3 /* Products */ = {
			isa = PBXGroup;
			name = Products;
			sourceTree = "<group>";
		};
/* End PBXGroup section */

/* Begin PBXNativeTarget section */
		4903C1912CBA8F5C00B2FD7A /* KareemDemo */ = {
			isa = PBXNativeTarget;
			buildConfigurationList = 4903C1B62CBA8F5E00B2FD7A /* Build configuration list for PBXNativeTarget "KareemDemo" */;
			buildPhases = (
				4903C18E2CBA8F5C00B2FD7A /* Sources */,
				4903C18F2CBA8F5C00B2FD7A /* Frameworks */,
				4903C1902CBA8F5C00B2FD7A /* Resources */,
			);
			buildRules = (
			);
			dependencies = (
			);
			fileSystemSynchronizedGroups = (
				4903C1942CBA8F5C00B2FD7A /* KareemDemo */,
			);
			name = KareemDemo;
			packageProductDependencies = (
			);
			productName = KareemDemo;
			productReference = 4903C1922CBA8F5C00B2FD7A /* KareemDemo.app */;
			productType = "com.apple.product-type.application";
		};
		4903C1A12CBA8F5D00B2FD7A /* KareemDemoTests */ = {
			isa = PBXNativeTarget;
			buildConfigurationList = 4903C1B92CBA8F5E00B2FD7A /* Build configuration list for PBXNativeTarget "KareemDemoTests" */;
			buildPhases = (
				4903C19E2CBA8F5D00B2FD7A /* Sources */,
				4903C19F2CBA8F5D00B2FD7A /* Frameworks */,
				4903C1A02CBA8F5D00B2FD7A /* Resources */,
			);
			buildRules = (
			);
			dependencies = (
				4903C1A42CBA8F5D00B2FD7A /* PBXTargetDependency */,
			);
			fileSystemSynchronizedGroups = (
				4903C1A52CBA8F5D00B2FD7A /* KareemDemoTests */,
			);
			name = KareemDemoTests;
			packageProductDependencies = (
			);
			productName = KareemDemoTests;
			productReference = 4903C1A22CBA8F5D00B2FD7A /* KareemDemoTests.xctest */;
			productType = "com.apple.product-type.bundle.unit-test";
		};
		4903C1AB2CBA8F5E00B2FD7A /* KareemDemoUITests */ = {
			isa = PBXNativeTarget;
			buildConfigurationList = 4903C1BC2CBA8F5E00B2FD7A /* Build configuration list for PBXNativeTarget "KareemDemoUITests" */;
			buildPhases = (
				4903C1A82CBA8F5E00B2FD7A /* Sources */,
				4903C1A92CBA8F5E00B2FD7A /* Frameworks */,
				4903C1AA2CBA8F5E00B2FD7A /* Resources */,
			);
			buildRules = (
			);
			dependencies = (
				4903C1AE2CBA8F5E00B2FD7A /* PBXTargetDependency */,
			);
			fileSystemSynchronizedGroups = (
				4903C1AF2CBA8F5E00B2FD7A /* KareemDemoUITests */,
			);
			name = KareemDemoUITests;
			packageProductDependencies = (
			);
			productName = KareemDemoUITests;
			productReference = 4903C1AC2CBA8F5E00B2FD7A /* KareemDemoUITests.xctest */;
			productType = "com.apple.product-type.bundle.ui-testing";
		};
/* End PBXNativeTarget section */

/* Begin PBXProject section */
		4903C18A2CBA8F5C00B2FD7A /* Project object */ = {
			isa = PBXProject;
			attributes = {
				BuildIndependentTargetsInParallel = 1;
				LastSwiftUpdateCheck = 1600;
				LastUpgradeCheck = 1600;
				TargetAttributes = {
					4903C1912CBA8F5C00B2FD7A = {
						CreatedOnToolsVersion = 16.0;
					};
					4903C1A12CBA8F5D00B2FD7A = {
						CreatedOnToolsVersion = 16.0;
						TestTargetID = 4903C1912CBA8F5C00B2FD7A;
					};
					4903C1AB2CBA8F5E00B2FD7A = {
						CreatedOnToolsVersion = 16.0;
						TestTargetID = 4903C1912CBA8F5C00B2FD7A;
					};
				};
			};
			buildConfigurationList = 4903C18D2CBA8F5C00B2FD7A /* Build configuration list for PBXProject "KareemDemo" */;
			compatibilityVersion = "Xcode 13.0";
			developmentRegion = en;
			hasScannedForEncodings = 0;
			knownRegions = (
				en,
				Base,
			);
			mainGroup = 4903C1892CBA8F5C00B2FD7A;
			minimizedProjectReferenceProxies = 1;
			productRefGroup = 4903C1892CBA8F5C00B2FD7A;
			projectDirPath = "";
			projectReferences = (
				{
					ProductGroup = 490B5FB92CBBD87100F93AE3 /* Products */;
					ProjectRef = 490B5FB82CBBD87100F93AE3 /* KareemDemo.xcodeproj */;
				},
			);
			projectRoot = "";
			targets = (
				4903C1912CBA8F5C00B2FD7A /* KareemDemo */,
				4903C1A12CBA8F5D00B2FD7A /* KareemDemoTests */,
				4903C1AB2CBA8F5E00B2FD7A /* KareemDemoUITests */,
			);
		};
/* End PBXProject section */

/* Begin PBXResourcesBuildPhase section */
		4903C1902CBA8F5C00B2FD7A /* Resources */ = {
			isa = PBXResourcesBuildPhase;
			buildActionMask = 2147483647;
			files = (
			);
			runOnlyForDeploymentPostprocessing = 0;
		};
		4903C1A02CBA8F5D00B2FD7A /* Resources */ = {
			isa = PBXResourcesBuildPhase;
			buildActionMask = 2147483647;
			files = (
			);
			runOnlyForDeploymentPostprocessing = 0;
		};
		4903C1AA2CBA8F5E00B2FD7A /* Resources */ = {
			isa = PBXResourcesBuildPhase;
			buildActionMask = 2147483647;
			files = (
			);
			runOnlyForDeploymentPostprocessing = 0;
		};
/* End PBXResourcesBuildPhase section */

/* Begin PBXSourcesBuildPhase section */
		4903C18E2CBA8F5C00B2FD7A /* Sources */ = {
			isa = PBXSourcesBuildPhase;
			buildActionMask = 2147483647;
			files = (
			);
			runOnlyForDeploymentPostprocessing = 0;
		};
		4903C19E2CBA8F5D00B2FD7A /* Sources */ = {
			isa = PBXSourcesBuildPhase;
			buildActionMask = 2147483647;
			files = (
			);
			runOnlyForDeploymentPostprocessing = 0;
		};
		4903C1A82CBA8F5E00B2FD7A /* Sources */ = {
			isa = PBXSourcesBuildPhase;
			buildActionMask = 2147483647;
			files = (
			);
			runOnlyForDeploymentPostprocessing = 0;
		};
/* End PBXSourcesBuildPhase section */

/* Begin PBXTargetDependency section */
		4903C1A42CBA8F5D00B2FD7A /* PBXTargetDependency */ = {
			isa = PBXTargetDependency;
			target = 4903C1912CBA8F5C00B2FD7A /* KareemDemo */;
			targetProxy = 4903C1A32CBA8F5D00B2FD7A /* PBXContainerItemProxy */;
		};
		4903C1AE2CBA8F5E00B2FD7A /* PBXTargetDependency */ = {
			isa = PBXTargetDependency;
			target = 4903C1912CBA8F5C00B2FD7A /* KareemDemo */;
			targetProxy = 4903C1AD2CBA8F5E00B2FD7A /* PBXContainerItemProxy */;
		};
/* End PBXTargetDependency section */

/* Begin XCBuildConfiguration section */
		4903C1B42CBA8F5E00B2FD7A /* Debug */ = {
			isa = XCBuildConfiguration;
			buildSettings = {
				ALWAYS_SEARCH_USER_PATHS = NO;
				ASSETCATALOG_COMPILER_GENERATE_SWIFT_ASSET_SYMBOL_EXTENSIONS = YES;
				CLANG_ANALYZER_NONNULL = YES;
				CLANG_ANALYZER_NUMBER_OBJECT_CONVERSION = YES_AGGRESSIVE;
				CLANG_CXX_LANGUAGE_STANDARD = "gnu++20";
				CLANG_ENABLE_MODULES = YES;
				CLANG_ENABLE_OBJC_ARC = YES;
				CLANG_ENABLE_OBJC_WEAK = YES;
				CLANG_WARN_BLOCK_CAPTURE_AUTORELEASING = YES;
				CLANG_WARN_BOOL_CONVERSION = YES;
				CLANG_WARN_COMMA = YES;
				CLANG_WARN_CONSTANT_CONVERSION = YES;
				CLANG_WARN_DEPRECATED_OBJC_IMPLEMENTATIONS = YES;
				CLANG_WARN_DIRECT_OBJC_ISA_USAGE = YES_ERROR;
				CLANG_WARN_DOCUMENTATION_COMMENTS = YES;
				CLANG_WARN_EMPTY_BODY = YES;
				CLANG_WARN_ENUM_CONVERSION = YES;
				CLANG_WARN_INFINITE_RECURSION = YES;
				CLANG_WARN_INT_CONVERSION = YES;
				CLANG_WARN_NON_LITERAL_NULL_CONVERSION = YES;
				CLANG_WARN_OBJC_IMPLICIT_RETAIN_SELF = YES;
				CLANG_WARN_OBJC_LITERAL_CONVERSION = YES;
				CLANG_WARN_OBJC_ROOT_CLASS = YES_ERROR;
				CLANG_WARN_QUOTED_INCLUDE_IN_FRAMEWORK_HEADER = YES;
				CLANG_WARN_RANGE_LOOP_ANALYSIS = YES;
				CLANG_WARN_STRICT_PROTOTYPES = YES;
				CLANG_WARN_SUSPICIOUS_MOVE = YES;
				CLANG_WARN_UNGUARDED_AVAILABILITY = YES_AGGRESSIVE;
				CLANG_WARN_UNREACHABLE_CODE = YES;
				CLANG_WARN__DUPLICATE_METHOD_MATCH = YES;
				COPY_PHASE_STRIP = NO;
				DEBUG_INFORMATION_FORMAT = dwarf;
				ENABLE_STRICT_OBJC_MSGSEND = YES;
				ENABLE_TESTABILITY = YES;
				ENABLE_USER_SCRIPT_SANDBOXING = YES;
				GCC_C_LANGUAGE_STANDARD = gnu17;
				GCC_DYNAMIC_NO_PIC = NO;
				GCC_NO_COMMON_BLOCKS = YES;
				GCC_OPTIMIZATION_LEVEL = 0;
				GCC_PREPROCESSOR_DEFINITIONS = (
					"DEBUG=1",
					"$(inherited)",
				);
				GCC_WARN_64_TO_32_BIT_CONVERSION = YES;
				GCC_WARN_ABOUT_RETURN_TYPE = YES_ERROR;
				GCC_WARN_UNDECLARED_SELECTOR = YES;
				GCC_WARN_UNINITIALIZED_AUTOS = YES_AGGRESSIVE;
				GCC_WARN_UNUSED_FUNCTION = YES;
				GCC_WARN_UNUSED_VARIABLE = YES;
				IPHONEOS_DEPLOYMENT_TARGET = 18.0;
				LOCALIZATION_PREFERS_STRING_CATALOGS = YES;
				MTL_ENABLE_DEBUG_INFO = INCLUDE_SOURCE;
				MTL_FAST_MATH = YES;
				ONLY_ACTIVE_ARCH = YES;
				SDKROOT = iphoneos;
				SWIFT_ACTIVE_COMPILATION_CONDITIONS = "DEBUG $(inherited)";
				SWIFT_OPTIMIZATION_LEVEL = "-Onone";
			};
			name = Debug;
		};
		4903C1B52CBA8F5E00B2FD7A /* Release */ = {
			isa = XCBuildConfiguration;
			buildSettings = {
				ALWAYS_SEARCH_USER_PATHS = NO;
				ASSETCATALOG_COMPILER_GENERATE_SWIFT_ASSET_SYMBOL_EXTENSIONS = YES;
				CLANG_ANALYZER_NONNULL = YES;
				CLANG_ANALYZER_NUMBER_OBJECT_CONVERSION = YES_AGGRESSIVE;
				CLANG_CXX_LANGUAGE_STANDARD = "gnu++20";
				CLANG_ENABLE_MODULES = YES;
				CLANG_ENABLE_OBJC_ARC = YES;
				CLANG_ENABLE_OBJC_WEAK = YES;
				CLANG_WARN_BLOCK_CAPTURE_AUTORELEASING = YES;
				CLANG_WARN_BOOL_CONVERSION = YES;
				CLANG_WARN_COMMA = YES;
				CLANG_WARN_CONSTANT_CONVERSION = YES;
				CLANG_WARN_DEPRECATED_OBJC_IMPLEMENTATIONS = YES;
				CLANG_WARN_DIRECT_OBJC_ISA_USAGE = YES_ERROR;
				CLANG_WARN_DOCUMENTATION_COMMENTS = YES;
				CLANG_WARN_EMPTY_BODY = YES;
				CLANG_WARN_ENUM_CONVERSION = YES;
				CLANG_WARN_INFINITE_RECURSION = YES;
				CLANG_WARN_INT_CONVERSION = YES;
				CLANG_WARN_NON_LITERAL_NULL_CONVERSION = YES;
				CLANG_WARN_OBJC_IMPLICIT_RETAIN_SELF = YES;
				CLANG_WARN_OBJC_LITERAL_CONVERSION = YES;
				CLANG_WARN_OBJC_ROOT_CLASS = YES_ERROR;
				CLANG_WARN_QUOTED_INCLUDE_IN_FRAMEWORK_HEADER = YES;
				CLANG_WARN_RANGE_LOOP_ANALYSIS = YES;
				CLANG_WARN_STRICT_PROTOTYPES = YES;
				CLANG_WARN_SUSPICIOUS_MOVE = YES;
				CLANG_WARN_UNGUARDED_AVAILABILITY = YES_AGGRESSIVE;
				CLANG_WARN_UNREACHABLE_CODE = YES;
				CLANG_WARN__DUPLICATE_METHOD_MATCH = YES;
				COPY_PHASE_STRIP = NO;
				DEBUG_INFORMATION_FORMAT = "dwarf-with-dsym";
				ENABLE_NS_ASSERTIONS = NO;
				ENABLE_STRICT_OBJC_MSGSEND = YES;
				ENABLE_USER_SCRIPT_SANDBOXING = YES;
				GCC_C_LANGUAGE_STANDARD = gnu17;
				GCC_NO_COMMON_BLOCKS = YES;
				GCC_WARN_64_TO_32_BIT_CONVERSION = YES;
				GCC_WARN_ABOUT_RETURN_TYPE = YES_ERROR;
				GCC_WARN_UNDECLARED_SELECTOR = YES;
				GCC_WARN_UNINITIALIZED_AUTOS = YES_AGGRESSIVE;
				GCC_WARN_UNUSED_FUNCTION = YES;
				GCC_WARN_UNUSED_VARIABLE = YES;
				IPHONEOS_DEPLOYMENT_TARGET = 18.0;
				LOCALIZATION_PREFERS_STRING_CATALOGS = YES;
				MTL_ENABLE_DEBUG_INFO = NO;
				MTL_FAST_MATH = YES;
				SDKROOT = iphoneos;
				SWIFT_COMPILATION_MODE = wholemodule;
				VALIDATE_PRODUCT = YES;
			};
			name = Release;
		};
		4903C1B72CBA8F5E00B2FD7A /* Debug */ = {
			isa = XCBuildConfiguration;
			buildSettings = {
				ASSETCATALOG_COMPILER_APPICON_NAME = AppIcon;
				ASSETCATALOG_COMPILER_GLOBAL_ACCENT_COLOR_NAME = AccentColor;
				CODE_SIGN_STYLE = Automatic;
				CURRENT_PROJECT_VERSION = 1;
				DEVELOPMENT_ASSET_PATHS = "\"KareemDemo/Preview Content\"";
				DEVELOPMENT_TEAM = 5M6B577X35;
				ENABLE_PREVIEWS = YES;
				GENERATE_INFOPLIST_FILE = YES;
				INFOPLIST_KEY_UIApplicationSceneManifest_Generation = YES;
				INFOPLIST_KEY_UIApplicationSupportsIndirectInputEvents = YES;
				INFOPLIST_KEY_UILaunchScreen_Generation = YES;
				INFOPLIST_KEY_UISupportedInterfaceOrientations_iPad = "UIInterfaceOrientationPortrait UIInterfaceOrientationPortraitUpsideDown UIInterfaceOrientationLandscapeLeft UIInterfaceOrientationLandscapeRight";
				INFOPLIST_KEY_UISupportedInterfaceOrientations_iPhone = "UIInterfaceOrientationPortrait UIInterfaceOrientationLandscapeLeft UIInterfaceOrientationLandscapeRight";
				IPHONEOS_DEPLOYMENT_TARGET = 15.0;
				LD_RUNPATH_SEARCH_PATHS = (
					"$(inherited)",
					"@executable_path/Frameworks",
				);
				MARKETING_VERSION = 1.0;
				PRODUCT_BUNDLE_IDENTIFIER = com.custompod.KareemDemo;
				PRODUCT_NAME = "$(TARGET_NAME)";
				SWIFT_EMIT_LOC_STRINGS = YES;
				SWIFT_VERSION = 5.0;
				TARGETED_DEVICE_FAMILY = "1,2";
			};
			name = Debug;
		};
		4903C1B82CBA8F5E00B2FD7A /* Release */ = {
			isa = XCBuildConfiguration;
			buildSettings = {
				ASSETCATALOG_COMPILER_APPICON_NAME = AppIcon;
				ASSETCATALOG_COMPILER_GLOBAL_ACCENT_COLOR_NAME = AccentColor;
				CODE_SIGN_STYLE = Automatic;
				CURRENT_PROJECT_VERSION = 1;
				DEVELOPMENT_ASSET_PATHS = "\"KareemDemo/Preview Content\"";
				DEVELOPMENT_TEAM = 5M6B577X35;
				ENABLE_PREVIEWS = YES;
				GENERATE_INFOPLIST_FILE = YES;
				INFOPLIST_KEY_UIApplicationSceneManifest_Generation = YES;
				INFOPLIST_KEY_UIApplicationSupportsIndirectInputEvents = YES;
				INFOPLIST_KEY_UILaunchScreen_Generation = YES;
				INFOPLIST_KEY_UISupportedInterfaceOrientations_iPad = "UIInterfaceOrientationPortrait UIInterfaceOrientationPortraitUpsideDown UIInterfaceOrientationLandscapeLeft UIInterfaceOrientationLandscapeRight";
				INFOPLIST_KEY_UISupportedInterfaceOrientations_iPhone = "UIInterfaceOrientationPortrait UIInterfaceOrientationLandscapeLeft UIInterfaceOrientationLandscapeRight";
				IPHONEOS_DEPLOYMENT_TARGET = 15.0;
				LD_RUNPATH_SEARCH_PATHS = (
					"$(inherited)",
					"@executable_path/Frameworks",
				);
				MARKETING_VERSION = 1.0;
				PRODUCT_BUNDLE_IDENTIFIER = com.custompod.KareemDemo;
				PRODUCT_NAME = "$(TARGET_NAME)";
				SWIFT_EMIT_LOC_STRINGS = YES;
				SWIFT_VERSION = 5.0;
				TARGETED_DEVICE_FAMILY = "1,2";
			};
			name = Release;
		};
		4903C1BA2CBA8F5E00B2FD7A /* Debug */ = {
			isa = XCBuildConfiguration;
			buildSettings = {
				BUNDLE_LOADER = "$(TEST_HOST)";
				CODE_SIGN_STYLE = Automatic;
				CURRENT_PROJECT_VERSION = 1;
				DEVELOPMENT_TEAM = 5M6B577X35;
				GENERATE_INFOPLIST_FILE = YES;
				IPHONEOS_DEPLOYMENT_TARGET = 18.0;
				MARKETING_VERSION = 1.0;
				PRODUCT_BUNDLE_IDENTIFIER = com.custompod.KareemDemoTests;
				PRODUCT_NAME = "$(TARGET_NAME)";
				SWIFT_EMIT_LOC_STRINGS = NO;
				SWIFT_VERSION = 5.0;
				TARGETED_DEVICE_FAMILY = "1,2";
				TEST_HOST = "$(BUILT_PRODUCTS_DIR)/KareemDemo.app/$(BUNDLE_EXECUTABLE_FOLDER_PATH)/KareemDemo";
			};
			name = Debug;
		};
		4903C1BB2CBA8F5E00B2FD7A /* Release */ = {
			isa = XCBuildConfiguration;
			buildSettings = {
				BUNDLE_LOADER = "$(TEST_HOST)";
				CODE_SIGN_STYLE = Automatic;
				CURRENT_PROJECT_VERSION = 1;
				DEVELOPMENT_TEAM = 5M6B577X35;
				GENERATE_INFOPLIST_FILE = YES;
				IPHONEOS_DEPLOYMENT_TARGET = 18.0;
				MARKETING_VERSION = 1.0;
				PRODUCT_BUNDLE_IDENTIFIER = com.custompod.KareemDemoTests;
				PRODUCT_NAME = "$(TARGET_NAME)";
				SWIFT_EMIT_LOC_STRINGS = NO;
				SWIFT_VERSION = 5.0;
				TARGETED_DEVICE_FAMILY = "1,2";
				TEST_HOST = "$(BUILT_PRODUCTS_DIR)/KareemDemo.app/$(BUNDLE_EXECUTABLE_FOLDER_PATH)/KareemDemo";
			};
			name = Release;
		};
		4903C1BD2CBA8F5E00B2FD7A /* Debug */ = {
			isa = XCBuildConfiguration;
			buildSettings = {
				CODE_SIGN_STYLE = Automatic;
				CURRENT_PROJECT_VERSION = 1;
				DEVELOPMENT_TEAM = 5M6B577X35;
				GENERATE_INFOPLIST_FILE = YES;
				MARKETING_VERSION = 1.0;
				PRODUCT_BUNDLE_IDENTIFIER = com.custompod.KareemDemoUITests;
				PRODUCT_NAME = "$(TARGET_NAME)";
				SWIFT_EMIT_LOC_STRINGS = NO;
				SWIFT_VERSION = 5.0;
				TARGETED_DEVICE_FAMILY = "1,2";
				TEST_TARGET_NAME = KareemDemo;
			};
			name = Debug;
		};
		4903C1BE2CBA8F5E00B2FD7A /* Release */ = {
			isa = XCBuildConfiguration;
			buildSettings = {
				CODE_SIGN_STYLE = Automatic;
				CURRENT_PROJECT_VERSION = 1;
				DEVELOPMENT_TEAM = 5M6B577X35;
				GENERATE_INFOPLIST_FILE = YES;
				MARKETING_VERSION = 1.0;
				PRODUCT_BUNDLE_IDENTIFIER = com.custompod.KareemDemoUITests;
				PRODUCT_NAME = "$(TARGET_NAME)";
				SWIFT_EMIT_LOC_STRINGS = NO;
				SWIFT_VERSION = 5.0;
				TARGETED_DEVICE_FAMILY = "1,2";
				TEST_TARGET_NAME = KareemDemo;
			};
			name = Release;
		};
/* End XCBuildConfiguration section */

/* Begin XCConfigurationList section */
		4903C18D2CBA8F5C00B2FD7A /* Build configuration list for PBXProject "KareemDemo" */ = {
			isa = XCConfigurationList;
			buildConfigurations = (
				4903C1B42CBA8F5E00B2FD7A /* Debug */,
				4903C1B52CBA8F5E00B2FD7A /* Release */,
			);
			defaultConfigurationIsVisible = 0;
			defaultConfigurationName = Release;
		};
		4903C1B62CBA8F5E00B2FD7A /* Build configuration list for PBXNativeTarget "KareemDemo" */ = {
			isa = XCConfigurationList;
			buildConfigurations = (
				4903C1B72CBA8F5E00B2FD7A /* Debug */,
				4903C1B82CBA8F5E00B2FD7A /* Release */,
			);
			defaultConfigurationIsVisible = 0;
			defaultConfigurationName = Release;
		};
		4903C1B92CBA8F5E00B2FD7A /* Build configuration list for PBXNativeTarget "KareemDemoTests" */ = {
			isa = XCConfigurationList;
			buildConfigurations = (
				4903C1BA2CBA8F5E00B2FD7A /* Debug */,
				4903C1BB2CBA8F5E00B2FD7A /* Release */,
			);
			defaultConfigurationIsVisible = 0;
			defaultConfigurationName = Release;
		};
		4903C1BC2CBA8F5E00B2FD7A /* Build configuration list for PBXNativeTarget "KareemDemoUITests" */ = {
			isa = XCConfigurationList;
			buildConfigurations = (
				4903C1BD2CBA8F5E00B2FD7A /* Debug */,
				4903C1BE2CBA8F5E00B2FD7A /* Release */,
			);
			defaultConfigurationIsVisible = 0;
			defaultConfigurationName = Release;
		};
/* End XCConfigurationList section */
	};
	rootObject = 4903C18A2CBA8F5C00B2FD7A /* Project object */;
}
